// !$*UTF8*$!
{
	archiveVersion = 1;
	classes = {
	};
	objectVersion = 50;
	objects = {

/* Begin PBXBuildFile section */
		6335AB0326EA864A007EB039 /* AppDelegate.swift in Sources */ = {isa = PBXBuildFile; fileRef = 6335AB0226EA864A007EB039 /* AppDelegate.swift */; };
		6335AB0526EA864A007EB039 /* SceneDelegate.swift in Sources */ = {isa = PBXBuildFile; fileRef = 6335AB0426EA864A007EB039 /* SceneDelegate.swift */; };
		6335AB0A26EA864A007EB039 /* Main.storyboard in Resources */ = {isa = PBXBuildFile; fileRef = 6335AB0826EA864A007EB039 /* Main.storyboard */; };
		6335AB0C26EA864B007EB039 /* Assets.xcassets in Resources */ = {isa = PBXBuildFile; fileRef = 6335AB0B26EA864B007EB039 /* Assets.xcassets */; };
		6335AB0F26EA864B007EB039 /* LaunchScreen.storyboard in Resources */ = {isa = PBXBuildFile; fileRef = 6335AB0D26EA864B007EB039 /* LaunchScreen.storyboard */; };
		6335AB1826EA8837007EB039 /* NewsListTableViewController.swift in Sources */ = {isa = PBXBuildFile; fileRef = 6335AB1726EA8837007EB039 /* NewsListTableViewController.swift */; };
		6335AB1B26EA91AD007EB039 /* WebService.swift in Sources */ = {isa = PBXBuildFile; fileRef = 6335AB1A26EA91AD007EB039 /* WebService.swift */; };
/* End PBXBuildFile section */

/* Begin PBXFileReference section */
		6335AAFF26EA864A007EB039 /* GoodNews-API.app */ = {isa = PBXFileReference; explicitFileType = wrapper.application; includeInIndex = 0; path = "GoodNews-API.app"; sourceTree = BUILT_PRODUCTS_DIR; };
		6335AB0226EA864A007EB039 /* AppDelegate.swift */ = {isa = PBXFileReference; lastKnownFileType = sourcecode.swift; path = AppDelegate.swift; sourceTree = "<group>"; };
		6335AB0426EA864A007EB039 /* SceneDelegate.swift */ = {isa = PBXFileReference; lastKnownFileType = sourcecode.swift; path = SceneDelegate.swift; sourceTree = "<group>"; };
		6335AB0926EA864A007EB039 /* Base */ = {isa = PBXFileReference; lastKnownFileType = file.storyboard; name = Base; path = Base.lproj/Main.storyboard; sourceTree = "<group>"; };
		6335AB0B26EA864B007EB039 /* Assets.xcassets */ = {isa = PBXFileReference; lastKnownFileType = folder.assetcatalog; path = Assets.xcassets; sourceTree = "<group>"; };
		6335AB0E26EA864B007EB039 /* Base */ = {isa = PBXFileReference; lastKnownFileType = file.storyboard; name = Base; path = Base.lproj/LaunchScreen.storyboard; sourceTree = "<group>"; };
		6335AB1026EA864B007EB039 /* Info.plist */ = {isa = PBXFileReference; lastKnownFileType = text.plist.xml; path = Info.plist; sourceTree = "<group>"; };
		6335AB1726EA8837007EB039 /* NewsListTableViewController.swift */ = {isa = PBXFileReference; lastKnownFileType = sourcecode.swift; path = NewsListTableViewController.swift; sourceTree = "<group>"; };
		6335AB1A26EA91AD007EB039 /* WebService.swift */ = {isa = PBXFileReference; lastKnownFileType = sourcecode.swift; path = WebService.swift; sourceTree = "<group>"; };
/* End PBXFileReference section */

/* Begin PBXFrameworksBuildPhase section */
		6335AAFC26EA864A007EB039 /* Frameworks */ = {
			isa = PBXFrameworksBuildPhase;
			buildActionMask = 2147483647;
			files = (
			);
			runOnlyForDeploymentPostprocessing = 0;
		};
/* End PBXFrameworksBuildPhase section */

/* Begin PBXGroup section */
		6335AAF626EA864A007EB039 = {
			isa = PBXGroup;
			children = (
				6335AB0126EA864A007EB039 /* GoodNews-API */,
				6335AB0026EA864A007EB039 /* Products */,
			);
			sourceTree = "<group>";
		};
		6335AB0026EA864A007EB039 /* Products */ = {
			isa = PBXGroup;
			children = (
				6335AAFF26EA864A007EB039 /* GoodNews-API.app */,
			);
			name = Products;
			sourceTree = "<group>";
		};
		6335AB0126EA864A007EB039 /* GoodNews-API */ = {
			isa = PBXGroup;
			children = (
				6335AB1926EA9195007EB039 /* Services */,
				6335AB1626EA87B3007EB039 /* Controllers */,
				6335AB0226EA864A007EB039 /* AppDelegate.swift */,
				6335AB0426EA864A007EB039 /* SceneDelegate.swift */,
				6335AB0826EA864A007EB039 /* Main.storyboard */,
				6335AB0B26EA864B007EB039 /* Assets.xcassets */,
				6335AB0D26EA864B007EB039 /* LaunchScreen.storyboard */,
				6335AB1026EA864B007EB039 /* Info.plist */,
			);
			path = "GoodNews-API";
			sourceTree = "<group>";
		};
		6335AB1626EA87B3007EB039 /* Controllers */ = {
			isa = PBXGroup;
			children = (
				6335AB1726EA8837007EB039 /* NewsListTableViewController.swift */,
			);
			path = Controllers;
			sourceTree = "<group>";
		};
		6335AB1926EA9195007EB039 /* Services */ = {
			isa = PBXGroup;
			children = (
				6335AB1A26EA91AD007EB039 /* WebService.swift */,
			);
			path = Services;
			sourceTree = "<group>";
		};
/* End PBXGroup section */

/* Begin PBXNativeTarget section */
		6335AAFE26EA864A007EB039 /* GoodNews-API */ = {
			isa = PBXNativeTarget;
			buildConfigurationList = 6335AB1326EA864B007EB039 /* Build configuration list for PBXNativeTarget "GoodNews-API" */;
			buildPhases = (
				6335AAFB26EA864A007EB039 /* Sources */,
				6335AAFC26EA864A007EB039 /* Frameworks */,
				6335AAFD26EA864A007EB039 /* Resources */,
			);
			buildRules = (
			);
			dependencies = (
			);
			name = "GoodNews-API";
			productName = "GoodNews-API";
			productReference = 6335AAFF26EA864A007EB039 /* GoodNews-API.app */;
			productType = "com.apple.product-type.application";
		};
/* End PBXNativeTarget section */

/* Begin PBXProject section */
		6335AAF726EA864A007EB039 /* Project object */ = {
			isa = PBXProject;
			attributes = {
				LastSwiftUpdateCheck = 1250;
				LastUpgradeCheck = 1250;
				TargetAttributes = {
					6335AAFE26EA864A007EB039 = {
						CreatedOnToolsVersion = 12.5.1;
					};
				};
			};
			buildConfigurationList = 6335AAFA26EA864A007EB039 /* Build configuration list for PBXProject "GoodNews-API" */;
			compatibilityVersion = "Xcode 9.3";
			developmentRegion = en;
			hasScannedForEncodings = 0;
			knownRegions = (
				en,
				Base,
			);
			mainGroup = 6335AAF626EA864A007EB039;
			productRefGroup = 6335AB0026EA864A007EB039 /* Products */;
			projectDirPath = "";
			projectRoot = "";
			targets = (
				6335AAFE26EA864A007EB039 /* GoodNews-API */,
			);
		};
/* End PBXProject section */

/* Begin PBXResourcesBuildPhase section */
		6335AAFD26EA864A007EB039 /* Resources */ = {
			isa = PBXResourcesBuildPhase;
			buildActionMask = 2147483647;
			files = (
				6335AB0F26EA864B007EB039 /* LaunchScreen.storyboard in Resources */,
				6335AB0C26EA864B007EB039 /* Assets.xcassets in Resources */,
				6335AB0A26EA864A007EB039 /* Main.storyboard in Resources */,
			);
			runOnlyForDeploymentPostprocessing = 0;
		};
/* End PBXResourcesBuildPhase section */

/* Begin PBXSourcesBuildPhase section */
		6335AAFB26EA864A007EB039 /* Sources */ = {
			isa = PBXSourcesBuildPhase;
			buildActionMask = 2147483647;
			files = (
				6335AB0326EA864A007EB039 /* AppDelegate.swift in Sources */,
				6335AB1826EA8837007EB039 /* NewsListTableViewController.swift in Sources */,
				6335AB1B26EA91AD007EB039 /* WebService.swift in Sources */,
				6335AB0526EA864A007EB039 /* SceneDelegate.swift in Sources */,
			);
			runOnlyForDeploymentPostprocessing = 0;
		};
/* End PBXSourcesBuildPhase section */

/* Begin PBXVariantGroup section */
		6335AB0826EA864A007EB039 /* Main.storyboard */ = {
			isa = PBXVariantGroup;
			children = (
				6335AB0926EA864A007EB039 /* Base */,
			);
			name = Main.storyboard;
			sourceTree = "<group>";
		};
		6335AB0D26EA864B007EB039 /* LaunchScreen.storyboard */ = {
			isa = PBXVariantGroup;
			children = (
				6335AB0E26EA864B007EB039 /* Base */,
			);
			name = LaunchScreen.storyboard;
			sourceTree = "<group>";
		};
/* End PBXVariantGroup section */

/* Begin XCBuildConfiguration section */
		6335AB1126EA864B007EB039 /* Debug */ = {
			isa = XCBuildConfiguration;
			buildSettings = {
				ALWAYS_SEARCH_USER_PATHS = NO;
				CLANG_ANALYZER_NONNULL = YES;
				CLANG_ANALYZER_NUMBER_OBJECT_CONVERSION = YES_AGGRESSIVE;
				CLANG_CXX_LANGUAGE_STANDARD = "gnu++14";
				CLANG_CXX_LIBRARY = "libc++";
				CLANG_ENABLE_MODULES = YES;
				CLANG_ENABLE_OBJC_ARC = YES;
				CLANG_ENABLE_OBJC_WEAK = YES;
				CLANG_WARN_BLOCK_CAPTURE_AUTORELEASING = YES;
				CLANG_WARN_BOOL_CONVERSION = YES;
				CLANG_WARN_COMMA = YES;
				CLANG_WARN_CONSTANT_CONVERSION = YES;
				CLANG_WARN_DEPRECATED_OBJC_IMPLEMENTATIONS = YES;
				CLANG_WARN_DIRECT_OBJC_ISA_USAGE = YES_ERROR;
				CLANG_WARN_DOCUMENTATION_COMMENTS = YES;
				CLANG_WARN_EMPTY_BODY = YES;
				CLANG_WARN_ENUM_CONVERSION = YES;
				CLANG_WARN_INFINITE_RECURSION = YES;
				CLANG_WARN_INT_CONVERSION = YES;
				CLANG_WARN_NON_LITERAL_NULL_CONVERSION = YES;
				CLANG_WARN_OBJC_IMPLICIT_RETAIN_SELF = YES;
				CLANG_WARN_OBJC_LITERAL_CONVERSION = YES;
				CLANG_WARN_OBJC_ROOT_CLASS = YES_ERROR;
				CLANG_WARN_QUOTED_INCLUDE_IN_FRAMEWORK_HEADER = YES;
				CLANG_WARN_RANGE_LOOP_ANALYSIS = YES;
				CLANG_WARN_STRICT_PROTOTYPES = YES;
				CLANG_WARN_SUSPICIOUS_MOVE = YES;
				CLANG_WARN_UNGUARDED_AVAILABILITY = YES_AGGRESSIVE;
				CLANG_WARN_UNREACHABLE_CODE = YES;
				CLANG_WARN__DUPLICATE_METHOD_MATCH = YES;
				COPY_PHASE_STRIP = NO;
				DEBUG_INFORMATION_FORMAT = dwarf;
				ENABLE_STRICT_OBJC_MSGSEND = YES;
				ENABLE_TESTABILITY = YES;
				GCC_C_LANGUAGE_STANDARD = gnu11;
				GCC_DYNAMIC_NO_PIC = NO;
				GCC_NO_COMMON_BLOCKS = YES;
				GCC_OPTIMIZATION_LEVEL = 0;
				GCC_PREPROCESSOR_DEFINITIONS = (
					"DEBUG=1",
					"$(inherited)",
				);
				GCC_WARN_64_TO_32_BIT_CONVERSION = YES;
				GCC_WARN_ABOUT_RETURN_TYPE = YES_ERROR;
				GCC_WARN_UNDECLARED_SELECTOR = YES;
				GCC_WARN_UNINITIALIZED_AUTOS = YES_AGGRESSIVE;
				GCC_WARN_UNUSED_FUNCTION = YES;
				GCC_WARN_UNUSED_VARIABLE = YES;
				IPHONEOS_DEPLOYMENT_TARGET = 14.5;
				MTL_ENABLE_DEBUG_INFO = INCLUDE_SOURCE;
				MTL_FAST_MATH = YES;
				ONLY_ACTIVE_ARCH = YES;
				SDKROOT = iphoneos;
				SWIFT_ACTIVE_COMPILATION_CONDITIONS = DEBUG;
				SWIFT_OPTIMIZATION_LEVEL = "-Onone";
			};
			name = Debug;
		};
		6335AB1226EA864B007EB039 /* Release */ = {
			isa = XCBuildConfiguration;
			buildSettings = {
				ALWAYS_SEARCH_USER_PATHS = NO;
				CLANG_ANALYZER_NONNULL = YES;
				CLANG_ANALYZER_NUMBER_OBJECT_CONVERSION = YES_AGGRESSIVE;
				CLANG_CXX_LANGUAGE_STANDARD = "gnu++14";
				CLANG_CXX_LIBRARY = "libc++";
				CLANG_ENABLE_MODULES = YES;
				CLANG_ENABLE_OBJC_ARC = YES;
				CLANG_ENABLE_OBJC_WEAK = YES;
				CLANG_WARN_BLOCK_CAPTURE_AUTORELEASING = YES;
				CLANG_WARN_BOOL_CONVERSION = YES;
				CLANG_WARN_COMMA = YES;
				CLANG_WARN_CONSTANT_CONVERSION = YES;
				CLANG_WARN_DEPRECATED_OBJC_IMPLEMENTATIONS = YES;
				CLANG_WARN_DIRECT_OBJC_ISA_USAGE = YES_ERROR;
				CLANG_WARN_DOCUMENTATION_COMMENTS = YES;
				CLANG_WARN_EMPTY_BODY = YES;
				CLANG_WARN_ENUM_CONVERSION = YES;
				CLANG_WARN_INFINITE_RECURSION = YES;
				CLANG_WARN_INT_CONVERSION = YES;
				CLANG_WARN_NON_LITERAL_NULL_CONVERSION = YES;
				CLANG_WARN_OBJC_IMPLICIT_RETAIN_SELF = YES;
				CLANG_WARN_OBJC_LITERAL_CONVERSION = YES;
				CLANG_WARN_OBJC_ROOT_CLASS = YES_ERROR;
				CLANG_WARN_QUOTED_INCLUDE_IN_FRAMEWORK_HEADER = YES;
				CLANG_WARN_RANGE_LOOP_ANALYSIS = YES;
				CLANG_WARN_STRICT_PROTOTYPES = YES;
				CLANG_WARN_SUSPICIOUS_MOVE = YES;
				CLANG_WARN_UNGUARDED_AVAILABILITY = YES_AGGRESSIVE;
				CLANG_WARN_UNREACHABLE_CODE = YES;
				CLANG_WARN__DUPLICATE_METHOD_MATCH = YES;
				COPY_PHASE_STRIP = NO;
				DEBUG_INFORMATION_FORMAT = "dwarf-with-dsym";
				ENABLE_NS_ASSERTIONS = NO;
				ENABLE_STRICT_OBJC_MSGSEND = YES;
				GCC_C_LANGUAGE_STANDARD = gnu11;
				GCC_NO_COMMON_BLOCKS = YES;
				GCC_WARN_64_TO_32_BIT_CONVERSION = YES;
				GCC_WARN_ABOUT_RETURN_TYPE = YES_ERROR;
				GCC_WARN_UNDECLARED_SELECTOR = YES;
				GCC_WARN_UNINITIALIZED_AUTOS = YES_AGGRESSIVE;
				GCC_WARN_UNUSED_FUNCTION = YES;
				GCC_WARN_UNUSED_VARIABLE = YES;
				IPHONEOS_DEPLOYMENT_TARGET = 14.5;
				MTL_ENABLE_DEBUG_INFO = NO;
				MTL_FAST_MATH = YES;
				SDKROOT = iphoneos;
				SWIFT_COMPILATION_MODE = wholemodule;
				SWIFT_OPTIMIZATION_LEVEL = "-O";
				VALIDATE_PRODUCT = YES;
			};
			name = Release;
		};
		6335AB1426EA864B007EB039 /* Debug */ = {
			isa = XCBuildConfiguration;
			buildSettings = {
				ASSETCATALOG_COMPILER_APPICON_NAME = AppIcon;
				ASSETCATALOG_COMPILER_GLOBAL_ACCENT_COLOR_NAME = AccentColor;
				CODE_SIGN_STYLE = Automatic;
				DEVELOPMENT_TEAM = 2ANN3WL84D;
				INFOPLIST_FILE = "GoodNews-API/Info.plist";
				LD_RUNPATH_SEARCH_PATHS = (
					"$(inherited)",
					"@executable_path/Frameworks",
				);
				PRODUCT_BUNDLE_IDENTIFIER = "raviNavarro2.GoodNews-API";
				PRODUCT_NAME = "$(TARGET_NAME)";
				SWIFT_VERSION = 5.0;
				TARGETED_DEVICE_FAMILY = "1,2";
			};
			name = Debug;
		};
		6335AB1526EA864B007EB039 /* Release */ = {
			isa = XCBuildConfiguration;
			buildSettings = {
				ASSETCATALOG_COMPILER_APPICON_NAME = AppIcon;
				ASSETCATALOG_COMPILER_GLOBAL_ACCENT_COLOR_NAME = AccentColor;
				CODE_SIGN_STYLE = Automatic;
				DEVELOPMENT_TEAM = 2ANN3WL84D;
				INFOPLIST_FILE = "GoodNews-API/Info.plist";
				LD_RUNPATH_SEARCH_PATHS = (
					"$(inherited)",
					"@executable_path/Frameworks",
				);
				PRODUCT_BUNDLE_IDENTIFIER = "raviNavarro2.GoodNews-API";
				PRODUCT_NAME = "$(TARGET_NAME)";
				SWIFT_VERSION = 5.0;
				TARGETED_DEVICE_FAMILY = "1,2";
			};
			name = Release;
		};
/* End XCBuildConfiguration section */

/* Begin XCConfigurationList section */
		6335AAFA26EA864A007EB039 /* Build configuration list for PBXProject "GoodNews-API" */ = {
			isa = XCConfigurationList;
			buildConfigurations = (
				6335AB1126EA864B007EB039 /* Debug */,
				6335AB1226EA864B007EB039 /* Release */,
			);
			defaultConfigurationIsVisible = 0;
			defaultConfigurationName = Release;
		};
		6335AB1326EA864B007EB039 /* Build configuration list for PBXNativeTarget "GoodNews-API" */ = {
			isa = XCConfigurationList;
			buildConfigurations = (
				6335AB1426EA864B007EB039 /* Debug */,
				6335AB1526EA864B007EB039 /* Release */,
			);
			defaultConfigurationIsVisible = 0;
			defaultConfigurationName = Release;
		};
/* End XCConfigurationList section */
	};
	rootObject = 6335AAF726EA864A007EB039 /* Project object */;
}
